github.com/inconshreveable/mousetrap v1.0.0/go.mod h1:PxqpIevigyE2G7u3NXJIT2ANytuPF1OarO4DADm73n8=
github.com/jackc/pgx v0.0.0-20180217033919-55ca9db5d578 h1:Fr4h+PABSxRb/JdtARg360oDHLEh1h6XzDIua9GefRs=
github.com/jackc/pgx v0.0.0-20180217033919-55ca9db5d578/go.mod h1:0ZGrqGqkRlliWnWB4zKnWtjbSWbGkVEFm4TeybAXq+I=
github.com/pkg/errors v0.0.0-20171018195549-f15c970de5b7 h1:rRublLXoszYPRZV8Ikd3RTmqVCW289H3FsgqRcfDZhY=
github.com/pkg/errors v0.0.0-20171018195549-f15c970de5b7/go.mod h1:bwawxfHBFNV+L2hUp1rHADufV3IMtnDRdf1r5NINEl0=
github.com/spf13/cobra v0.0.0-20160114030619-9c9300901990 h1:VyhPAPSAKafhltIFZATJWdmFG0lZKoIGAKfTuZwEHfs=
github.com/spf13/cobra v0.0.0-20160114030619-9c9300901990/go.mod h1:1l0Ry5zgKvJasoi3XT1TypsSe7PqH0Sj9dhYf7v3XqQ=
github.com/spf13/pflag v0.0.0-20151218134703-7f60f83a2c81 h1:e8OMOPK+iXlzdnq5GOtSZDnw9HJi1faEKhCoEIxVUrY=
github.com/spf13/pflag v0.0.0-20151218134703-7f60f83a2c81/go.mod h1:DYY7MBk1bdzusC3SYhjObp+wFpr4gzcvqqNjLnInEg4=
github.com/vaughan0/go-ini v0.0.0-20130923145212-a98ad7ee00ec h1:DGmKwyZwEB8dI7tbLt/I/gQuP559o/0FrAkHKlQM/Ks=
github.com/vaughan0/go-ini v0.0.0-20130923145212-a98ad7ee00ec/go.mod h1:owBmyHYMLkxyrugmfwE/DLJyW8Ro9mkphwuVErQ0iUw=
golang.org/x/crypto v0.0.0-20151201002508-7b85b097bf75 h1:d5WqlckpKcQLc+0oxwqoaCaQR3eYAPAHDzKU7GAq4ys=
golang.org/x/crypto v0.0.0-20151201002508-7b85b097bf75/go.mod h1:6SG95UA2DQfeDnfUPMdvaQW0Q7yPrPDi9nlGo2tz2b4=
